
Microsoft Visual Studio Solution File, Format Version 12.00
# Visual Studio 15
VisualStudioVersion = 15.0.27428.2015
MinimumVisualStudioVersion = 10.0.40219.1
Project("{FAE04EC0-301F-11D3-BF4B-00C04F79EFBC}") = "DBProgramming", "DBProgramming\DBProgramming.csproj", "{301CD2F0-7327-46A2-95E1-7D6FD71CEDAC}"
EndProject
Project("{FAE04EC0-301F-11D3-BF4B-00C04F79EFBC}") = "BasicFileIO", "BasicFileIO\BasicFileIO.csproj", "{9F6BFF41-B476-4014-A9C2-0590F1CDF2B6}"
EndProject
Project("{FAE04EC0-301F-11D3-BF4B-00C04F79EFBC}") = "MarketBrowser", "MarketBrowser\MarketBrowser.csproj", "{A8B42257-B93D-4930-B1EB-D4B60F02F3A0}"
EndProject
Global
	GlobalSection(SolutionConfigurationPlatforms) = preSolution
		Debug|Any CPU = Debug|Any CPU
		Release|Any CPU = Release|Any CPU
	EndGlobalSection
	GlobalSection(ProjectConfigurationPlatforms) = postSolution
		{301CD2F0-7327-46A2-95E1-7D6FD71CEDAC}.Debug|Any CPU.ActiveCfg = Debug|Any CPU
		{301CD2F0-7327-46A2-95E1-7D6FD71CEDAC}.Debug|Any CPU.Build.0 = Debug|Any CPU
		{301CD2F0-7327-46A2-95E1-7D6FD71CEDAC}.Release|Any CPU.ActiveCfg = Release|Any CPU
		{301CD2F0-7327-46A2-95E1-7D6FD71CEDAC}.Release|Any CPU.Build.0 = Release|Any CPU
		{9F6BFF41-B476-4014-A9C2-0590F1CDF2B6}.Debug|Any CPU.ActiveCfg = Debug|Any CPU
		{9F6BFF41-B476-4014-A9C2-0590F1CDF2B6}.Debug|Any CPU.Build.0 = Debug|Any CPU
		{9F6BFF41-B476-4014-A9C2-0590F1CDF2B6}.Release|Any CPU.ActiveCfg = Release|Any CPU
		{9F6BFF41-B476-4014-A9C2-0590F1CDF2B6}.Release|Any CPU.Build.0 = Release|Any CPU
		{A8B42257-B93D-4930-B1EB-D4B60F02F3A0}.Debug|Any CPU.ActiveCfg = Debug|Any CPU
		{A8B42257-B93D-4930-B1EB-D4B60F02F3A0}.Debug|Any CPU.Build.0 = Debug|Any CPU
		{A8B42257-B93D-4930-B1EB-D4B60F02F3A0}.Release|Any CPU.ActiveCfg = Release|Any CPU
		{A8B42257-B93D-4930-B1EB-D4B60F02F3A0}.Release|Any CPU.Build.0 = Release|Any CPU
	EndGlobalSection
	GlobalSection(SolutionProperties) = preSolution
		HideSolutionNode = FALSE
	EndGlobalSection
	GlobalSection(ExtensibilityGlobals) = postSolution
		SolutionGuid = {1542BB51-9152-4EC7-AB88-790C8C42E7CC}
	EndGlobalSection
EndGlobal
